// !$*UTF8*$!
{
	archiveVersion = 1;
	classes = {
	};
	objectVersion = 46;
	objects = {

/* Begin PBXBuildFile section */
		B9186D011C8818BD00AC306F /* main.m in Sources */ = {isa = PBXBuildFile; fileRef = B9186D001C8818BD00AC306F /* main.m */; };
		B9186D041C8818BD00AC306F /* AppDelegate.m in Sources */ = {isa = PBXBuildFile; fileRef = B9186D031C8818BD00AC306F /* AppDelegate.m */; };
		B9186D0A1C8818BD00AC306F /* Main.storyboard in Resources */ = {isa = PBXBuildFile; fileRef = B9186D081C8818BD00AC306F /* Main.storyboard */; };
		B9186D0C1C8818BD00AC306F /* Assets.xcassets in Resources */ = {isa = PBXBuildFile; fileRef = B9186D0B1C8818BD00AC306F /* Assets.xcassets */; };
		B9186D0F1C8818BD00AC306F /* LaunchScreen.storyboard in Resources */ = {isa = PBXBuildFile; fileRef = B9186D0D1C8818BD00AC306F /* LaunchScreen.storyboard */; };
		B9186D1A1C8818BD00AC306F /* SkurtChallengeTests.m in Sources */ = {isa = PBXBuildFile; fileRef = B9186D191C8818BD00AC306F /* SkurtChallengeTests.m */; };
		B9186D251C8818BD00AC306F /* SkurtChallengeUITests.m in Sources */ = {isa = PBXBuildFile; fileRef = B9186D241C8818BD00AC306F /* SkurtChallengeUITests.m */; };
		B9186D341C88197100AC306F /* FlightTableViewController.m in Sources */ = {isa = PBXBuildFile; fileRef = B9186D331C88197100AC306F /* FlightTableViewController.m */; };
		B95C8EF61C8E8350004F439C /* SavedFlightViewController.m in Sources */ = {isa = PBXBuildFile; fileRef = B95C8EF51C8E8350004F439C /* SavedFlightViewController.m */; };
		B95C8EFA1C8E8F18004F439C /* FlightModel.xcdatamodeld in Sources */ = {isa = PBXBuildFile; fileRef = B95C8EF81C8E8F18004F439C /* FlightModel.xcdatamodeld */; };
		B95C8EFF1C8E9200004F439C /* Flight+CoreDataProperties.m in Sources */ = {isa = PBXBuildFile; fileRef = B95C8EFC1C8E9200004F439C /* Flight+CoreDataProperties.m */; };
		B95C8F001C8E9200004F439C /* Flight.m in Sources */ = {isa = PBXBuildFile; fileRef = B95C8EFE1C8E9200004F439C /* Flight.m */; };
		B97D69831C89484B0020D05A /* APIClient.m in Sources */ = {isa = PBXBuildFile; fileRef = B97D69821C89484B0020D05A /* APIClient.m */; };
		B9FD66631C8D6E830047DC93 /* FlightStatusViewController.m in Sources */ = {isa = PBXBuildFile; fileRef = B9FD66621C8D6E830047DC93 /* FlightStatusViewController.m */; };
		E8DCBE272F744BBA2E8DDB49 /* libPods-SkurtChallenge.a in Frameworks */ = {isa = PBXBuildFile; fileRef = 977636C7CF7659789869A865 /* libPods-SkurtChallenge.a */; };
/* End PBXBuildFile section */

/* Begin PBXContainerItemProxy section */
		B9186D161C8818BD00AC306F /* PBXContainerItemProxy */ = {
			isa = PBXContainerItemProxy;
			containerPortal = B9186CF41C8818BC00AC306F /* Project object */;
			proxyType = 1;
			remoteGlobalIDString = B9186CFB1C8818BC00AC306F;
			remoteInfo = SkurtChallenge;
		};
		B9186D211C8818BD00AC306F /* PBXContainerItemProxy */ = {
			isa = PBXContainerItemProxy;
			containerPortal = B9186CF41C8818BC00AC306F /* Project object */;
			proxyType = 1;
			remoteGlobalIDString = B9186CFB1C8818BC00AC306F;
			remoteInfo = SkurtChallenge;
		};
/* End PBXContainerItemProxy section */

/* Begin PBXFileReference section */
		76E716EC46D02C8669CD8CDF /* Pods-SkurtChallenge.debug.xcconfig */ = {isa = PBXFileReference; includeInIndex = 1; lastKnownFileType = text.xcconfig; name = "Pods-SkurtChallenge.debug.xcconfig"; path = "Pods/Target Support Files/Pods-SkurtChallenge/Pods-SkurtChallenge.debug.xcconfig"; sourceTree = "<group>"; };
		977636C7CF7659789869A865 /* libPods-SkurtChallenge.a */ = {isa = PBXFileReference; explicitFileType = archive.ar; includeInIndex = 0; path = "libPods-SkurtChallenge.a"; sourceTree = BUILT_PRODUCTS_DIR; };
		B9186CFC1C8818BD00AC306F /* SkurtChallenge.app */ = {isa = PBXFileReference; explicitFileType = wrapper.application; includeInIndex = 0; path = SkurtChallenge.app; sourceTree = BUILT_PRODUCTS_DIR; };
		B9186D001C8818BD00AC306F /* main.m */ = {isa = PBXFileReference; lastKnownFileType = sourcecode.c.objc; path = main.m; sourceTree = "<group>"; };
		B9186D021C8818BD00AC306F /* AppDelegate.h */ = {isa = PBXFileReference; lastKnownFileType = sourcecode.c.h; path = AppDelegate.h; sourceTree = "<group>"; };
		B9186D031C8818BD00AC306F /* AppDelegate.m */ = {isa = PBXFileReference; lastKnownFileType = sourcecode.c.objc; path = AppDelegate.m; sourceTree = "<group>"; };
		B9186D091C8818BD00AC306F /* Base */ = {isa = PBXFileReference; lastKnownFileType = file.storyboard; name = Base; path = Base.lproj/Main.storyboard; sourceTree = "<group>"; };
		B9186D0B1C8818BD00AC306F /* Assets.xcassets */ = {isa = PBXFileReference; lastKnownFileType = folder.assetcatalog; path = Assets.xcassets; sourceTree = "<group>"; };
		B9186D0E1C8818BD00AC306F /* Base */ = {isa = PBXFileReference; lastKnownFileType = file.storyboard; name = Base; path = Base.lproj/LaunchScreen.storyboard; sourceTree = "<group>"; };
		B9186D101C8818BD00AC306F /* Info.plist */ = {isa = PBXFileReference; lastKnownFileType = text.plist.xml; path = Info.plist; sourceTree = "<group>"; };
		B9186D151C8818BD00AC306F /* SkurtChallengeTests.xctest */ = {isa = PBXFileReference; explicitFileType = wrapper.cfbundle; includeInIndex = 0; path = SkurtChallengeTests.xctest; sourceTree = BUILT_PRODUCTS_DIR; };
		B9186D191C8818BD00AC306F /* SkurtChallengeTests.m */ = {isa = PBXFileReference; lastKnownFileType = sourcecode.c.objc; path = SkurtChallengeTests.m; sourceTree = "<group>"; };
		B9186D1B1C8818BD00AC306F /* Info.plist */ = {isa = PBXFileReference; lastKnownFileType = text.plist.xml; path = Info.plist; sourceTree = "<group>"; };
		B9186D201C8818BD00AC306F /* SkurtChallengeUITests.xctest */ = {isa = PBXFileReference; explicitFileType = wrapper.cfbundle; includeInIndex = 0; path = SkurtChallengeUITests.xctest; sourceTree = BUILT_PRODUCTS_DIR; };
		B9186D241C8818BD00AC306F /* SkurtChallengeUITests.m */ = {isa = PBXFileReference; lastKnownFileType = sourcecode.c.objc; path = SkurtChallengeUITests.m; sourceTree = "<group>"; };
		B9186D261C8818BD00AC306F /* Info.plist */ = {isa = PBXFileReference; lastKnownFileType = text.plist.xml; path = Info.plist; sourceTree = "<group>"; };
		B9186D321C88197100AC306F /* FlightTableViewController.h */ = {isa = PBXFileReference; fileEncoding = 4; lastKnownFileType = sourcecode.c.h; path = FlightTableViewController.h; sourceTree = "<group>"; };
		B9186D331C88197100AC306F /* FlightTableViewController.m */ = {isa = PBXFileReference; fileEncoding = 4; lastKnownFileType = sourcecode.c.objc; path = FlightTableViewController.m; sourceTree = "<group>"; };
		B95C8EF41C8E8350004F439C /* SavedFlightViewController.h */ = {isa = PBXFileReference; fileEncoding = 4; lastKnownFileType = sourcecode.c.h; path = SavedFlightViewController.h; sourceTree = "<group>"; };
		B95C8EF51C8E8350004F439C /* SavedFlightViewController.m */ = {isa = PBXFileReference; fileEncoding = 4; lastKnownFileType = sourcecode.c.objc; path = SavedFlightViewController.m; sourceTree = "<group>"; };
		B95C8EF91C8E8F18004F439C /* FlightModel.xcdatamodel */ = {isa = PBXFileReference; lastKnownFileType = wrapper.xcdatamodel; path = FlightModel.xcdatamodel; sourceTree = "<group>"; };
		B95C8EFB1C8E9200004F439C /* Flight+CoreDataProperties.h */ = {isa = PBXFileReference; fileEncoding = 4; lastKnownFileType = sourcecode.c.h; path = "Flight+CoreDataProperties.h"; sourceTree = "<group>"; };
		B95C8EFC1C8E9200004F439C /* Flight+CoreDataProperties.m */ = {isa = PBXFileReference; fileEncoding = 4; lastKnownFileType = sourcecode.c.objc; path = "Flight+CoreDataProperties.m"; sourceTree = "<group>"; };
		B95C8EFD1C8E9200004F439C /* Flight.h */ = {isa = PBXFileReference; fileEncoding = 4; lastKnownFileType = sourcecode.c.h; path = Flight.h; sourceTree = "<group>"; };
		B95C8EFE1C8E9200004F439C /* Flight.m */ = {isa = PBXFileReference; fileEncoding = 4; lastKnownFileType = sourcecode.c.objc; path = Flight.m; sourceTree = "<group>"; };
		B97D69811C89484B0020D05A /* APIClient.h */ = {isa = PBXFileReference; fileEncoding = 4; lastKnownFileType = sourcecode.c.h; path = APIClient.h; sourceTree = "<group>"; };
		B97D69821C89484B0020D05A /* APIClient.m */ = {isa = PBXFileReference; fileEncoding = 4; lastKnownFileType = sourcecode.c.objc; path = APIClient.m; sourceTree = "<group>"; };
		B9FD66611C8D6E830047DC93 /* FlightStatusViewController.h */ = {isa = PBXFileReference; fileEncoding = 4; lastKnownFileType = sourcecode.c.h; path = FlightStatusViewController.h; sourceTree = "<group>"; };
		B9FD66621C8D6E830047DC93 /* FlightStatusViewController.m */ = {isa = PBXFileReference; fileEncoding = 4; lastKnownFileType = sourcecode.c.objc; path = FlightStatusViewController.m; sourceTree = "<group>"; };
		FBC8310EA6A0177EA296E043 /* Pods-SkurtChallenge.release.xcconfig */ = {isa = PBXFileReference; includeInIndex = 1; lastKnownFileType = text.xcconfig; name = "Pods-SkurtChallenge.release.xcconfig"; path = "Pods/Target Support Files/Pods-SkurtChallenge/Pods-SkurtChallenge.release.xcconfig"; sourceTree = "<group>"; };
/* End PBXFileReference section */

/* Begin PBXFrameworksBuildPhase section */
		B9186CF91C8818BC00AC306F /* Frameworks */ = {
			isa = PBXFrameworksBuildPhase;
			buildActionMask = 2147483647;
			files = (
				E8DCBE272F744BBA2E8DDB49 /* libPods-SkurtChallenge.a in Frameworks */,
			);
			runOnlyForDeploymentPostprocessing = 0;
		};
		B9186D121C8818BD00AC306F /* Frameworks */ = {
			isa = PBXFrameworksBuildPhase;
			buildActionMask = 2147483647;
			files = (
			);
			runOnlyForDeploymentPostprocessing = 0;
		};
		B9186D1D1C8818BD00AC306F /* Frameworks */ = {
			isa = PBXFrameworksBuildPhase;
			buildActionMask = 2147483647;
			files = (
			);
			runOnlyForDeploymentPostprocessing = 0;
		};
/* End PBXFrameworksBuildPhase section */

/* Begin PBXGroup section */
		3AD8D81BE91A34357C35E110 /* Pods */ = {
			isa = PBXGroup;
			children = (
				76E716EC46D02C8669CD8CDF /* Pods-SkurtChallenge.debug.xcconfig */,
				FBC8310EA6A0177EA296E043 /* Pods-SkurtChallenge.release.xcconfig */,
			);
			name = Pods;
			sourceTree = "<group>";
		};
		B9186CF31C8818BC00AC306F = {
			isa = PBXGroup;
			children = (
				B9186CFE1C8818BD00AC306F /* SkurtChallenge */,
				B9186D181C8818BD00AC306F /* SkurtChallengeTests */,
				B9186D231C8818BD00AC306F /* SkurtChallengeUITests */,
				B9186CFD1C8818BD00AC306F /* Products */,
				3AD8D81BE91A34357C35E110 /* Pods */,
				DD4DC160EFDB44890119A601 /* Frameworks */,
			);
			sourceTree = "<group>";
		};
		B9186CFD1C8818BD00AC306F /* Products */ = {
			isa = PBXGroup;
			children = (
				B9186CFC1C8818BD00AC306F /* SkurtChallenge.app */,
				B9186D151C8818BD00AC306F /* SkurtChallengeTests.xctest */,
				B9186D201C8818BD00AC306F /* SkurtChallengeUITests.xctest */,
			);
			name = Products;
			sourceTree = "<group>";
		};
		B9186CFE1C8818BD00AC306F /* SkurtChallenge */ = {
			isa = PBXGroup;
			children = (
				B95C8EF71C8E8EBA004F439C /* Core Data */,
				B9186D021C8818BD00AC306F /* AppDelegate.h */,
				B9186D031C8818BD00AC306F /* AppDelegate.m */,
				B9186D081C8818BD00AC306F /* Main.storyboard */,
				B9186D0B1C8818BD00AC306F /* Assets.xcassets */,
				B9186D0D1C8818BD00AC306F /* LaunchScreen.storyboard */,
				B9186D101C8818BD00AC306F /* Info.plist */,
				B9186CFF1C8818BD00AC306F /* Supporting Files */,
				B9186D321C88197100AC306F /* FlightTableViewController.h */,
				B9186D331C88197100AC306F /* FlightTableViewController.m */,
				B97D69811C89484B0020D05A /* APIClient.h */,
				B97D69821C89484B0020D05A /* APIClient.m */,
				B9FD66611C8D6E830047DC93 /* FlightStatusViewController.h */,
				B9FD66621C8D6E830047DC93 /* FlightStatusViewController.m */,
				B95C8EF41C8E8350004F439C /* SavedFlightViewController.h */,
				B95C8EF51C8E8350004F439C /* SavedFlightViewController.m */,
			);
			path = SkurtChallenge;
			sourceTree = "<group>";
		};
		B9186CFF1C8818BD00AC306F /* Supporting Files */ = {
			isa = PBXGroup;
			children = (
				B9186D001C8818BD00AC306F /* main.m */,
			);
			name = "Supporting Files";
			sourceTree = "<group>";
		};
		B9186D181C8818BD00AC306F /* SkurtChallengeTests */ = {
			isa = PBXGroup;
			children = (
				B9186D191C8818BD00AC306F /* SkurtChallengeTests.m */,
				B9186D1B1C8818BD00AC306F /* Info.plist */,
			);
			path = SkurtChallengeTests;
			sourceTree = "<group>";
		};
		B9186D231C8818BD00AC306F /* SkurtChallengeUITests */ = {
			isa = PBXGroup;
			children = (
				B9186D241C8818BD00AC306F /* SkurtChallengeUITests.m */,
				B9186D261C8818BD00AC306F /* Info.plist */,
			);
			path = SkurtChallengeUITests;
			sourceTree = "<group>";
		};
		B95C8EF71C8E8EBA004F439C /* Core Data */ = {
			isa = PBXGroup;
			children = (
				B95C8EFB1C8E9200004F439C /* Flight+CoreDataProperties.h */,
				B95C8EFC1C8E9200004F439C /* Flight+CoreDataProperties.m */,
				B95C8EFD1C8E9200004F439C /* Flight.h */,
				B95C8EFE1C8E9200004F439C /* Flight.m */,
				B95C8EF81C8E8F18004F439C /* FlightModel.xcdatamodeld */,
			);
			name = "Core Data";
			sourceTree = "<group>";
		};
		DD4DC160EFDB44890119A601 /* Frameworks */ = {
			isa = PBXGroup;
			children = (
				977636C7CF7659789869A865 /* libPods-SkurtChallenge.a */,
			);
			name = Frameworks;
			sourceTree = "<group>";
		};
/* End PBXGroup section */

/* Begin PBXNativeTarget section */
		B9186CFB1C8818BC00AC306F /* SkurtChallenge */ = {
			isa = PBXNativeTarget;
			buildConfigurationList = B9186D291C8818BD00AC306F /* Build configuration list for PBXNativeTarget "SkurtChallenge" */;
			buildPhases = (
				17C92D20EB69651144180667 /* Check Pods Manifest.lock */,
				B9186CF81C8818BC00AC306F /* Sources */,
				B9186CF91C8818BC00AC306F /* Frameworks */,
				B9186CFA1C8818BC00AC306F /* Resources */,
				F949358024453EECEA944CBB /* Embed Pods Frameworks */,
				CBDA8BA494C462D172B6CB08 /* Copy Pods Resources */,
			);
			buildRules = (
			);
			dependencies = (
			);
			name = SkurtChallenge;
			productName = SkurtChallenge;
			productReference = B9186CFC1C8818BD00AC306F /* SkurtChallenge.app */;
			productType = "com.apple.product-type.application";
		};
		B9186D141C8818BD00AC306F /* SkurtChallengeTests */ = {
			isa = PBXNativeTarget;
			buildConfigurationList = B9186D2C1C8818BD00AC306F /* Build configuration list for PBXNativeTarget "SkurtChallengeTests" */;
			buildPhases = (
				B9186D111C8818BD00AC306F /* Sources */,
				B9186D121C8818BD00AC306F /* Frameworks */,
				B9186D131C8818BD00AC306F /* Resources */,
			);
			buildRules = (
			);
			dependencies = (
				B9186D171C8818BD00AC306F /* PBXTargetDependency */,
			);
			name = SkurtChallengeTests;
			productName = SkurtChallengeTests;
			productReference = B9186D151C8818BD00AC306F /* SkurtChallengeTests.xctest */;
			productType = "com.apple.product-type.bundle.unit-test";
		};
		B9186D1F1C8818BD00AC306F /* SkurtChallengeUITests */ = {
			isa = PBXNativeTarget;
			buildConfigurationList = B9186D2F1C8818BD00AC306F /* Build configuration list for PBXNativeTarget "SkurtChallengeUITests" */;
			buildPhases = (
				B9186D1C1C8818BD00AC306F /* Sources */,
				B9186D1D1C8818BD00AC306F /* Frameworks */,
				B9186D1E1C8818BD00AC306F /* Resources */,
			);
			buildRules = (
			);
			dependencies = (
				B9186D221C8818BD00AC306F /* PBXTargetDependency */,
			);
			name = SkurtChallengeUITests;
			productName = SkurtChallengeUITests;
			productReference = B9186D201C8818BD00AC306F /* SkurtChallengeUITests.xctest */;
			productType = "com.apple.product-type.bundle.ui-testing";
		};
/* End PBXNativeTarget section */

/* Begin PBXProject section */
		B9186CF41C8818BC00AC306F /* Project object */ = {
			isa = PBXProject;
			attributes = {
				LastUpgradeCheck = 0720;
				ORGANIZATIONNAME = solechang;
				TargetAttributes = {
					B9186CFB1C8818BC00AC306F = {
						CreatedOnToolsVersion = 7.2;
					};
					B9186D141C8818BD00AC306F = {
						CreatedOnToolsVersion = 7.2;
						TestTargetID = B9186CFB1C8818BC00AC306F;
					};
					B9186D1F1C8818BD00AC306F = {
						CreatedOnToolsVersion = 7.2;
						TestTargetID = B9186CFB1C8818BC00AC306F;
					};
				};
			};
			buildConfigurationList = B9186CF71C8818BC00AC306F /* Build configuration list for PBXProject "SkurtChallenge" */;
			compatibilityVersion = "Xcode 3.2";
			developmentRegion = English;
			hasScannedForEncodings = 0;
			knownRegions = (
				en,
				Base,
			);
			mainGroup = B9186CF31C8818BC00AC306F;
			productRefGroup = B9186CFD1C8818BD00AC306F /* Products */;
			projectDirPath = "";
			projectRoot = "";
			targets = (
				B9186CFB1C8818BC00AC306F /* SkurtChallenge */,
				B9186D141C8818BD00AC306F /* SkurtChallengeTests */,
				B9186D1F1C8818BD00AC306F /* SkurtChallengeUITests */,
			);
		};
/* End PBXProject section */

/* Begin PBXResourcesBuildPhase section */
		B9186CFA1C8818BC00AC306F /* Resources */ = {
			isa = PBXResourcesBuildPhase;
			buildActionMask = 2147483647;
			files = (
				B9186D0F1C8818BD00AC306F /* LaunchScreen.storyboard in Resources */,
				B9186D0C1C8818BD00AC306F /* Assets.xcassets in Resources */,
				B9186D0A1C8818BD00AC306F /* Main.storyboard in Resources */,
			);
			runOnlyForDeploymentPostprocessing = 0;
		};
		B9186D131C8818BD00AC306F /* Resources */ = {
			isa = PBXResourcesBuildPhase;
			buildActionMask = 2147483647;
			files = (
			);
			runOnlyForDeploymentPostprocessing = 0;
		};
		B9186D1E1C8818BD00AC306F /* Resources */ = {
			isa = PBXResourcesBuildPhase;
			buildActionMask = 2147483647;
			files = (
			);
			runOnlyForDeploymentPostprocessing = 0;
		};
/* End PBXResourcesBuildPhase section */

/* Begin PBXShellScriptBuildPhase section */
		17C92D20EB69651144180667 /* Check Pods Manifest.lock */ = {
			isa = PBXShellScriptBuildPhase;
			buildActionMask = 2147483647;
			files = (
			);
			inputPaths = (
			);
			name = "Check Pods Manifest.lock";
			outputPaths = (
			);
			runOnlyForDeploymentPostprocessing = 0;
			shellPath = /bin/sh;
			shellScript = "diff \"${PODS_ROOT}/../Podfile.lock\" \"${PODS_ROOT}/Manifest.lock\" > /dev/null\nif [[ $? != 0 ]] ; then\n    cat << EOM\nerror: The sandbox is not in sync with the Podfile.lock. Run 'pod install' or update your CocoaPods installation.\nEOM\n    exit 1\nfi\n";
			showEnvVarsInLog = 0;
		};
		CBDA8BA494C462D172B6CB08 /* Copy Pods Resources */ = {
			isa = PBXShellScriptBuildPhase;
			buildActionMask = 2147483647;
			files = (
			);
			inputPaths = (
			);
			name = "Copy Pods Resources";
			outputPaths = (
			);
			runOnlyForDeploymentPostprocessing = 0;
			shellPath = /bin/sh;
			shellScript = "\"${SRCROOT}/Pods/Target Support Files/Pods-SkurtChallenge/Pods-SkurtChallenge-resources.sh\"\n";
			showEnvVarsInLog = 0;
		};
		F949358024453EECEA944CBB /* Embed Pods Frameworks */ = {
			isa = PBXShellScriptBuildPhase;
			buildActionMask = 2147483647;
			files = (
			);
			inputPaths = (
			);
			name = "Embed Pods Frameworks";
			outputPaths = (
			);
			runOnlyForDeploymentPostprocessing = 0;
			shellPath = /bin/sh;
			shellScript = "\"${SRCROOT}/Pods/Target Support Files/Pods-SkurtChallenge/Pods-SkurtChallenge-frameworks.sh\"\n";
			showEnvVarsInLog = 0;
		};
/* End PBXShellScriptBuildPhase section */

/* Begin PBXSourcesBuildPhase section */
		B9186CF81C8818BC00AC306F /* Sources */ = {
			isa = PBXSourcesBuildPhase;
			buildActionMask = 2147483647;
			files = (
				B9186D041C8818BD00AC306F /* AppDelegate.m in Sources */,
				B9186D341C88197100AC306F /* FlightTableViewController.m in Sources */,
				B9186D011C8818BD00AC306F /* main.m in Sources */,
				B97D69831C89484B0020D05A /* APIClient.m in Sources */,
				B95C8EF61C8E8350004F439C /* SavedFlightViewController.m in Sources */,
				B95C8EFA1C8E8F18004F439C /* FlightModel.xcdatamodeld in Sources */,
				B9FD66631C8D6E830047DC93 /* FlightStatusViewController.m in Sources */,
				B95C8EFF1C8E9200004F439C /* Flight+CoreDataProperties.m in Sources */,
				B95C8F001C8E9200004F439C /* Flight.m in Sources */,
			);
			runOnlyForDeploymentPostprocessing = 0;
		};
		B9186D111C8818BD00AC306F /* Sources */ = {
			isa = PBXSourcesBuildPhase;
			buildActionMask = 2147483647;
			files = (
				B9186D1A1C8818BD00AC306F /* SkurtChallengeTests.m in Sources */,
			);
			runOnlyForDeploymentPostprocessing = 0;
		};
		B9186D1C1C8818BD00AC306F /* Sources */ = {
			isa = PBXSourcesBuildPhase;
			buildActionMask = 2147483647;
			files = (
				B9186D251C8818BD00AC306F /* SkurtChallengeUITests.m in Sources */,
			);
			runOnlyForDeploymentPostprocessing = 0;
		};
/* End PBXSourcesBuildPhase section */

/* Begin PBXTargetDependency section */
		B9186D171C8818BD00AC306F /* PBXTargetDependency */ = {
			isa = PBXTargetDependency;
			target = B9186CFB1C8818BC00AC306F /* SkurtChallenge */;
			targetProxy = B9186D161C8818BD00AC306F /* PBXContainerItemProxy */;
		};
		B9186D221C8818BD00AC306F /* PBXTargetDependency */ = {
			isa = PBXTargetDependency;
			target = B9186CFB1C8818BC00AC306F /* SkurtChallenge */;
			targetProxy = B9186D211C8818BD00AC306F /* PBXContainerItemProxy */;
		};
/* End PBXTargetDependency section */

/* Begin PBXVariantGroup section */
		B9186D081C8818BD00AC306F /* Main.storyboard */ = {
			isa = PBXVariantGroup;
			children = (
				B9186D091C8818BD00AC306F /* Base */,
			);
			name = Main.storyboard;
			sourceTree = "<group>";
		};
		B9186D0D1C8818BD00AC306F /* LaunchScreen.storyboard */ = {
			isa = PBXVariantGroup;
			children = (
				B9186D0E1C8818BD00AC306F /* Base */,
			);
			name = LaunchScreen.storyboard;
			sourceTree = "<group>";
		};
/* End PBXVariantGroup section */

/* Begin XCBuildConfiguration section */
		B9186D271C8818BD00AC306F /* Debug */ = {
			isa = XCBuildConfiguration;
			buildSettings = {
				ALWAYS_SEARCH_USER_PATHS = NO;
				CLANG_CXX_LANGUAGE_STANDARD = "gnu++0x";
				CLANG_CXX_LIBRARY = "libc++";
				CLANG_ENABLE_MODULES = YES;
				CLANG_ENABLE_OBJC_ARC = YES;
				CLANG_WARN_BOOL_CONVERSION = YES;
				CLANG_WARN_CONSTANT_CONVERSION = YES;
				CLANG_WARN_DIRECT_OBJC_ISA_USAGE = YES_ERROR;
				CLANG_WARN_EMPTY_BODY = YES;
				CLANG_WARN_ENUM_CONVERSION = YES;
				CLANG_WARN_INT_CONVERSION = YES;
				CLANG_WARN_OBJC_ROOT_CLASS = YES_ERROR;
				CLANG_WARN_UNREACHABLE_CODE = YES;
				CLANG_WARN__DUPLICATE_METHOD_MATCH = YES;
				"CODE_SIGN_IDENTITY[sdk=iphoneos*]" = "iPhone Developer";
				COPY_PHASE_STRIP = NO;
				DEBUG_INFORMATION_FORMAT = dwarf;
				ENABLE_STRICT_OBJC_MSGSEND = YES;
				ENABLE_TESTABILITY = YES;
				GCC_C_LANGUAGE_STANDARD = gnu99;
				GCC_DYNAMIC_NO_PIC = NO;
				GCC_NO_COMMON_BLOCKS = YES;
				GCC_OPTIMIZATION_LEVEL = 0;
				GCC_PREPROCESSOR_DEFINITIONS = (
					"DEBUG=1",
					"$(inherited)",
				);
				GCC_WARN_64_TO_32_BIT_CONVERSION = YES;
				GCC_WARN_ABOUT_RETURN_TYPE = YES_ERROR;
				GCC_WARN_UNDECLARED_SELECTOR = YES;
				GCC_WARN_UNINITIALIZED_AUTOS = YES_AGGRESSIVE;
				GCC_WARN_UNUSED_FUNCTION = YES;
				GCC_WARN_UNUSED_VARIABLE = YES;
				IPHONEOS_DEPLOYMENT_TARGET = 9.2;
				MTL_ENABLE_DEBUG_INFO = YES;
				ONLY_ACTIVE_ARCH = YES;
				SDKROOT = iphoneos;
			};
			name = Debug;
		};
		B9186D281C8818BD00AC306F /* Release */ = {
			isa = XCBuildConfiguration;
			buildSettings = {
				ALWAYS_SEARCH_USER_PATHS = NO;
				CLANG_CXX_LANGUAGE_STANDARD = "gnu++0x";
				CLANG_CXX_LIBRARY = "libc++";
				CLANG_ENABLE_MODULES = YES;
				CLANG_ENABLE_OBJC_ARC = YES;
				CLANG_WARN_BOOL_CONVERSION = YES;
				CLANG_WARN_CONSTANT_CONVERSION = YES;
				CLANG_WARN_DIRECT_OBJC_ISA_USAGE = YES_ERROR;
				CLANG_WARN_EMPTY_BODY = YES;
				CLANG_WARN_ENUM_CONVERSION = YES;
				CLANG_WARN_INT_CONVERSION = YES;
				CLANG_WARN_OBJC_ROOT_CLASS = YES_ERROR;
				CLANG_WARN_UNREACHABLE_CODE = YES;
				CLANG_WARN__DUPLICATE_METHOD_MATCH = YES;
				"CODE_SIGN_IDENTITY[sdk=iphoneos*]" = "iPhone Developer";
				COPY_PHASE_STRIP = NO;
				DEBUG_INFORMATION_FORMAT = "dwarf-with-dsym";
				ENABLE_NS_ASSERTIONS = NO;
				ENABLE_STRICT_OBJC_MSGSEND = YES;
				GCC_C_LANGUAGE_STANDARD = gnu99;
				GCC_NO_COMMON_BLOCKS = YES;
				GCC_WARN_64_TO_32_BIT_CONVERSION = YES;
				GCC_WARN_ABOUT_RETURN_TYPE = YES_ERROR;
				GCC_WARN_UNDECLARED_SELECTOR = YES;
				GCC_WARN_UNINITIALIZED_AUTOS = YES_AGGRESSIVE;
				GCC_WARN_UNUSED_FUNCTION = YES;
				GCC_WARN_UNUSED_VARIABLE = YES;
				IPHONEOS_DEPLOYMENT_TARGET = 9.2;
				MTL_ENABLE_DEBUG_INFO = NO;
				SDKROOT = iphoneos;
				VALIDATE_PRODUCT = YES;
			};
			name = Release;
		};
		B9186D2A1C8818BD00AC306F /* Debug */ = {
			isa = XCBuildConfiguration;
			baseConfigurationReference = 76E716EC46D02C8669CD8CDF /* Pods-SkurtChallenge.debug.xcconfig */;
			buildSettings = {
				ASSETCATALOG_COMPILER_APPICON_NAME = AppIcon;
				INFOPLIST_FILE = SkurtChallenge/Info.plist;
				LD_RUNPATH_SEARCH_PATHS = "$(inherited) @executable_path/Frameworks";
				PRODUCT_BUNDLE_IDENTIFIER = com.SkurtChallenge;
				PRODUCT_NAME = "$(TARGET_NAME)";
			};
			name = Debug;
		};
		B9186D2B1C8818BD00AC306F /* Release */ = {
			isa = XCBuildConfiguration;
			baseConfigurationReference = FBC8310EA6A0177EA296E043 /* Pods-SkurtChallenge.release.xcconfig */;
			buildSettings = {
				ASSETCATALOG_COMPILER_APPICON_NAME = AppIcon;
				INFOPLIST_FILE = SkurtChallenge/Info.plist;
				LD_RUNPATH_SEARCH_PATHS = "$(inherited) @executable_path/Frameworks";
				PRODUCT_BUNDLE_IDENTIFIER = com.SkurtChallenge;
				PRODUCT_NAME = "$(TARGET_NAME)";
			};
			name = Release;
		};
		B9186D2D1C8818BD00AC306F /* Debug */ = {
			isa = XCBuildConfiguration;
			buildSettings = {
				BUNDLE_LOADER = "$(TEST_HOST)";
				INFOPLIST_FILE = SkurtChallengeTests/Info.plist;
				LD_RUNPATH_SEARCH_PATHS = "$(inherited) @executable_path/Frameworks @loader_path/Frameworks";
				PRODUCT_BUNDLE_IDENTIFIER = com.SkurtChallengeTests;
				PRODUCT_NAME = "$(TARGET_NAME)";
				TEST_HOST = "$(BUILT_PRODUCTS_DIR)/SkurtChallenge.app/SkurtChallenge";
			};
			name = Debug;
		};
		B9186D2E1C8818BD00AC306F /* Release */ = {
			isa = XCBuildConfiguration;
			buildSettings = {
				BUNDLE_LOADER = "$(TEST_HOST)";
				INFOPLIST_FILE = SkurtChallengeTests/Info.plist;
				LD_RUNPATH_SEARCH_PATHS = "$(inherited) @executable_path/Frameworks @loader_path/Frameworks";
				PRODUCT_BUNDLE_IDENTIFIER = com.SkurtChallengeTests;
				PRODUCT_NAME = "$(TARGET_NAME)";
				TEST_HOST = "$(BUILT_PRODUCTS_DIR)/SkurtChallenge.app/SkurtChallenge";
			};
			name = Release;
		};
		B9186D301C8818BD00AC306F /* Debug */ = {
			isa = XCBuildConfiguration;
			buildSettings = {
				INFOPLIST_FILE = SkurtChallengeUITests/Info.plist;
				LD_RUNPATH_SEARCH_PATHS = "$(inherited) @executable_path/Frameworks @loader_path/Frameworks";
				PRODUCT_BUNDLE_IDENTIFIER = com.SkurtChallengeUITests;
				PRODUCT_NAME = "$(TARGET_NAME)";
				TEST_TARGET_NAME = SkurtChallenge;
				USES_XCTRUNNER = YES;
			};
			name = Debug;
		};
		B9186D311C8818BD00AC306F /* Release */ = {
			isa = XCBuildConfiguration;
			buildSettings = {
				INFOPLIST_FILE = SkurtChallengeUITests/Info.plist;
				LD_RUNPATH_SEARCH_PATHS = "$(inherited) @executable_path/Frameworks @loader_path/Frameworks";
				PRODUCT_BUNDLE_IDENTIFIER = com.SkurtChallengeUITests;
				PRODUCT_NAME = "$(TARGET_NAME)";
				TEST_TARGET_NAME = SkurtChallenge;
				USES_XCTRUNNER = YES;
			};
			name = Release;
		};
/* End XCBuildConfiguration section */

/* Begin XCConfigurationList section */
		B9186CF71C8818BC00AC306F /* Build configuration list for PBXProject "SkurtChallenge" */ = {
			isa = XCConfigurationList;
			buildConfigurations = (
				B9186D271C8818BD00AC306F /* Debug */,
				B9186D281C8818BD00AC306F /* Release */,
			);
			defaultConfigurationIsVisible = 0;
			defaultConfigurationName = Release;
		};
		B9186D291C8818BD00AC306F /* Build configuration list for PBXNativeTarget "SkurtChallenge" */ = {
			isa = XCConfigurationList;
			buildConfigurations = (
				B9186D2A1C8818BD00AC306F /* Debug */,
				B9186D2B1C8818BD00AC306F /* Release */,
			);
			defaultConfigurationIsVisible = 0;
			defaultConfigurationName = Release;
		};
		B9186D2C1C8818BD00AC306F /* Build configuration list for PBXNativeTarget "SkurtChallengeTests" */ = {
			isa = XCConfigurationList;
			buildConfigurations = (
				B9186D2D1C8818BD00AC306F /* Debug */,
				B9186D2E1C8818BD00AC306F /* Release */,
			);
			defaultConfigurationIsVisible = 0;
			defaultConfigurationName = Release;
		};
		B9186D2F1C8818BD00AC306F /* Build configuration list for PBXNativeTarget "SkurtChallengeUITests" */ = {
			isa = XCConfigurationList;
			buildConfigurations = (
				B9186D301C8818BD00AC306F /* Debug */,
				B9186D311C8818BD00AC306F /* Release */,
			);
			defaultConfigurationIsVisible = 0;
			defaultConfigurationName = Release;
		};
/* End XCConfigurationList section */

/* Begin XCVersionGroup section */
		B95C8EF81C8E8F18004F439C /* FlightModel.xcdatamodeld */ = {
			isa = XCVersionGroup;
			children = (
				B95C8EF91C8E8F18004F439C /* FlightModel.xcdatamodel */,
			);
			currentVersion = B95C8EF91C8E8F18004F439C /* FlightModel.xcdatamodel */;
			path = FlightModel.xcdatamodeld;
			sourceTree = "<group>";
			versionGroupType = wrapper.xcdatamodel;
		};
/* End XCVersionGroup section */
	};
	rootObject = B9186CF41C8818BC00AC306F /* Project object */;
}
